
Microsoft Visual Studio Solution File, Format Version 12.00
# Visual Studio Version 17
VisualStudioVersion = 17.2.32526.322
MinimumVisualStudioVersion = 10.0.40219.1
Project("{FAE04EC0-301F-11D3-BF4B-00C04F79EFBC}") = "UserMaintenance", "UserMaintenance.csproj", "{68F76358-C6A6-4FAC-BF3C-67E832530F28}"
EndProject
Global
	GlobalSection(SolutionConfigurationPlatforms) = preSolution
		Debug|Any CPU = Debug|Any CPU
		Release|Any CPU = Release|Any CPU
	EndGlobalSection
	GlobalSection(ProjectConfigurationPlatforms) = postSolution
		{68F76358-C6A6-4FAC-BF3C-67E832530F28}.Debug|Any CPU.ActiveCfg = Debug|Any CPU
		{68F76358-C6A6-4FAC-BF3C-67E832530F28}.Debug|Any CPU.Build.0 = Debug|Any CPU
		{68F76358-C6A6-4FAC-BF3C-67E832530F28}.Release|Any CPU.ActiveCfg = Release|Any CPU
		{68F76358-C6A6-4FAC-BF3C-67E832530F28}.Release|Any CPU.Build.0 = Release|Any CPU
	EndGlobalSection
	GlobalSection(SolutionProperties) = preSolution
		HideSolutionNode = FALSE
	EndGlobalSection
	GlobalSection(ExtensibilityGlobals) = postSolution
		SolutionGuid = {CBF8D678-27B4-4D27-9652-ADE464C00827}
	EndGlobalSection
EndGlobal
