
Microsoft Visual Studio Solution File, Format Version 12.00
# Visual Studio Version 17
VisualStudioVersion = 17.2.32526.322
MinimumVisualStudioVersion = 10.0.40219.1
Project("{FAE04EC0-301F-11D3-BF4B-00C04F79EFBC}") = "week06", "week06.csproj", "{289D1737-44FE-42C1-B4DA-E3C54CEBBDE9}"
EndProject
Global
	GlobalSection(SolutionConfigurationPlatforms) = preSolution
		Debug|Any CPU = Debug|Any CPU
		Release|Any CPU = Release|Any CPU
	EndGlobalSection
	GlobalSection(ProjectConfigurationPlatforms) = postSolution
		{289D1737-44FE-42C1-B4DA-E3C54CEBBDE9}.Debug|Any CPU.ActiveCfg = Debug|Any CPU
		{289D1737-44FE-42C1-B4DA-E3C54CEBBDE9}.Debug|Any CPU.Build.0 = Debug|Any CPU
		{289D1737-44FE-42C1-B4DA-E3C54CEBBDE9}.Release|Any CPU.ActiveCfg = Release|Any CPU
		{289D1737-44FE-42C1-B4DA-E3C54CEBBDE9}.Release|Any CPU.Build.0 = Release|Any CPU
	EndGlobalSection
	GlobalSection(SolutionProperties) = preSolution
		HideSolutionNode = FALSE
	EndGlobalSection
	GlobalSection(ExtensibilityGlobals) = postSolution
		SolutionGuid = {97DB9F34-412A-465C-BA97-9C53C302D228}
	EndGlobalSection
EndGlobal
